
Microsoft Visual Studio Solution File, Format Version 12.00
# Visual Studio Version 16
VisualStudioVersion = 25.0.1704.2
MinimumVisualStudioVersion = 10.0.40219.1
Project("{FAE04EC0-301F-11D3-BF4B-00C04F79EFBC}") = "AccountManagement.Android", "AccountManagement\AccountManagement.Android\AccountManagement.Android.csproj", "{CCADFB7B-96CC-4382-BA26-986AD416AE14}"
EndProject
Project("{FAE04EC0-301F-11D3-BF4B-00C04F79EFBC}") = "AccountManagement.iOS", "AccountManagement\AccountManagement.iOS\AccountManagement.iOS.csproj", "{496074A7-3B90-48F6-9023-B327B2F93CD4}"
EndProject
Project("{FAE04EC0-301F-11D3-BF4B-00C04F79EFBC}") = "AccountManagement", "AccountManagement\AccountManagement\AccountManagement.csproj", "{60CB1D7E-FAC5-4E5B-BA19-B36BA01A003E}"
EndProject
Project("{FAE04EC0-301F-11D3-BF4B-00C04F79EFBC}") = "AccountManagement.Tests", "AccountManagement.Tests\AccountManagement.Tests.csproj", "{62D5E8CF-7955-4F6B-A973-2A35C4BEA85D}"
EndProject
Global
	GlobalSection(SolutionConfigurationPlatforms) = preSolution
		Debug|Any CPU = Debug|Any CPU
		Release|Any CPU = Release|Any CPU
		Debug|iPhoneSimulator = Debug|iPhoneSimulator
		Release|iPhoneSimulator = Release|iPhoneSimulator
		Debug|iPhone = Debug|iPhone
		Release|iPhone = Release|iPhone
	EndGlobalSection
	GlobalSection(ProjectConfigurationPlatforms) = postSolution
		{CCADFB7B-96CC-4382-BA26-986AD416AE14}.Debug|Any CPU.ActiveCfg = Debug|Any CPU
		{CCADFB7B-96CC-4382-BA26-986AD416AE14}.Debug|Any CPU.Build.0 = Debug|Any CPU
		{CCADFB7B-96CC-4382-BA26-986AD416AE14}.Release|Any CPU.ActiveCfg = Release|Any CPU
		{CCADFB7B-96CC-4382-BA26-986AD416AE14}.Release|Any CPU.Build.0 = Release|Any CPU
		{CCADFB7B-96CC-4382-BA26-986AD416AE14}.Debug|iPhoneSimulator.ActiveCfg = Debug|Any CPU
		{CCADFB7B-96CC-4382-BA26-986AD416AE14}.Debug|iPhoneSimulator.Build.0 = Debug|Any CPU
		{CCADFB7B-96CC-4382-BA26-986AD416AE14}.Release|iPhoneSimulator.ActiveCfg = Release|Any CPU
		{CCADFB7B-96CC-4382-BA26-986AD416AE14}.Release|iPhoneSimulator.Build.0 = Release|Any CPU
		{CCADFB7B-96CC-4382-BA26-986AD416AE14}.Debug|iPhone.ActiveCfg = Debug|Any CPU
		{CCADFB7B-96CC-4382-BA26-986AD416AE14}.Debug|iPhone.Build.0 = Debug|Any CPU
		{CCADFB7B-96CC-4382-BA26-986AD416AE14}.Release|iPhone.ActiveCfg = Release|Any CPU
		{CCADFB7B-96CC-4382-BA26-986AD416AE14}.Release|iPhone.Build.0 = Release|Any CPU
		{496074A7-3B90-48F6-9023-B327B2F93CD4}.Debug|Any CPU.ActiveCfg = Debug|iPhoneSimulator
		{496074A7-3B90-48F6-9023-B327B2F93CD4}.Debug|Any CPU.Build.0 = Debug|iPhoneSimulator
		{496074A7-3B90-48F6-9023-B327B2F93CD4}.Release|Any CPU.ActiveCfg = Release|iPhoneSimulator
		{496074A7-3B90-48F6-9023-B327B2F93CD4}.Release|Any CPU.Build.0 = Release|iPhoneSimulator
		{496074A7-3B90-48F6-9023-B327B2F93CD4}.Debug|iPhoneSimulator.ActiveCfg = Debug|iPhoneSimulator
		{496074A7-3B90-48F6-9023-B327B2F93CD4}.Debug|iPhoneSimulator.Build.0 = Debug|iPhoneSimulator
		{496074A7-3B90-48F6-9023-B327B2F93CD4}.Release|iPhoneSimulator.ActiveCfg = Release|iPhoneSimulator
		{496074A7-3B90-48F6-9023-B327B2F93CD4}.Release|iPhoneSimulator.Build.0 = Release|iPhoneSimulator
		{496074A7-3B90-48F6-9023-B327B2F93CD4}.Debug|iPhone.ActiveCfg = Debug|iPhone
		{496074A7-3B90-48F6-9023-B327B2F93CD4}.Debug|iPhone.Build.0 = Debug|iPhone
		{496074A7-3B90-48F6-9023-B327B2F93CD4}.Release|iPhone.ActiveCfg = Release|iPhone
		{496074A7-3B90-48F6-9023-B327B2F93CD4}.Release|iPhone.Build.0 = Release|iPhone
		{60CB1D7E-FAC5-4E5B-BA19-B36BA01A003E}.Debug|Any CPU.ActiveCfg = Debug|Any CPU
		{60CB1D7E-FAC5-4E5B-BA19-B36BA01A003E}.Debug|Any CPU.Build.0 = Debug|Any CPU
		{60CB1D7E-FAC5-4E5B-BA19-B36BA01A003E}.Release|Any CPU.ActiveCfg = Release|Any CPU
		{60CB1D7E-FAC5-4E5B-BA19-B36BA01A003E}.Release|Any CPU.Build.0 = Release|Any CPU
		{60CB1D7E-FAC5-4E5B-BA19-B36BA01A003E}.Debug|iPhoneSimulator.ActiveCfg = Debug|Any CPU
		{60CB1D7E-FAC5-4E5B-BA19-B36BA01A003E}.Debug|iPhoneSimulator.Build.0 = Debug|Any CPU
		{60CB1D7E-FAC5-4E5B-BA19-B36BA01A003E}.Release|iPhoneSimulator.ActiveCfg = Release|Any CPU
		{60CB1D7E-FAC5-4E5B-BA19-B36BA01A003E}.Release|iPhoneSimulator.Build.0 = Release|Any CPU
		{60CB1D7E-FAC5-4E5B-BA19-B36BA01A003E}.Debug|iPhone.ActiveCfg = Debug|Any CPU
		{60CB1D7E-FAC5-4E5B-BA19-B36BA01A003E}.Debug|iPhone.Build.0 = Debug|Any CPU
		{60CB1D7E-FAC5-4E5B-BA19-B36BA01A003E}.Release|iPhone.ActiveCfg = Release|Any CPU
		{60CB1D7E-FAC5-4E5B-BA19-B36BA01A003E}.Release|iPhone.Build.0 = Release|Any CPU
		{62D5E8CF-7955-4F6B-A973-2A35C4BEA85D}.Debug|Any CPU.ActiveCfg = Debug|Any CPU
		{62D5E8CF-7955-4F6B-A973-2A35C4BEA85D}.Debug|Any CPU.Build.0 = Debug|Any CPU
		{62D5E8CF-7955-4F6B-A973-2A35C4BEA85D}.Release|Any CPU.ActiveCfg = Release|Any CPU
		{62D5E8CF-7955-4F6B-A973-2A35C4BEA85D}.Release|Any CPU.Build.0 = Release|Any CPU
		{62D5E8CF-7955-4F6B-A973-2A35C4BEA85D}.Debug|iPhoneSimulator.ActiveCfg = Debug|Any CPU
		{62D5E8CF-7955-4F6B-A973-2A35C4BEA85D}.Debug|iPhoneSimulator.Build.0 = Debug|Any CPU
		{62D5E8CF-7955-4F6B-A973-2A35C4BEA85D}.Release|iPhoneSimulator.ActiveCfg = Release|Any CPU
		{62D5E8CF-7955-4F6B-A973-2A35C4BEA85D}.Release|iPhoneSimulator.Build.0 = Release|Any CPU
		{62D5E8CF-7955-4F6B-A973-2A35C4BEA85D}.Debug|iPhone.ActiveCfg = Debug|Any CPU
		{62D5E8CF-7955-4F6B-A973-2A35C4BEA85D}.Debug|iPhone.Build.0 = Debug|Any CPU
		{62D5E8CF-7955-4F6B-A973-2A35C4BEA85D}.Release|iPhone.ActiveCfg = Release|Any CPU
		{62D5E8CF-7955-4F6B-A973-2A35C4BEA85D}.Release|iPhone.Build.0 = Release|Any CPU
	EndGlobalSection
	GlobalSection(SolutionProperties) = preSolution
		HideSolutionNode = FALSE
	EndGlobalSection
	GlobalSection(ExtensibilityGlobals) = postSolution
		SolutionGuid = {F7978278-8387-444F-A646-896FD458A0BA}
	EndGlobalSection
EndGlobal
